
Microsoft Visual Studio Solution File, Format Version 12.00
# Visual Studio Version 16
VisualStudioVersion = 16.0.30413.136
MinimumVisualStudioVersion = 10.0.40219.1
Project("{FAE04EC0-301F-11D3-BF4B-00C04F79EFBC}") = "Create Shopping website in ASP.NET", "Create Shopping website in ASP.NET\Create Shopping website in ASP.NET.csproj", "{422000C1-59FE-4971-956F-AF17123A34C8}"
EndProject
Global
	GlobalSection(SolutionConfigurationPlatforms) = preSolution
		Debug|Any CPU = Debug|Any CPU
		Release|Any CPU = Release|Any CPU
	EndGlobalSection
	GlobalSection(ProjectConfigurationPlatforms) = postSolution
		{422000C1-59FE-4971-956F-AF17123A34C8}.Debug|Any CPU.ActiveCfg = Debug|Any CPU
		{422000C1-59FE-4971-956F-AF17123A34C8}.Debug|Any CPU.Build.0 = Debug|Any CPU
		{422000C1-59FE-4971-956F-AF17123A34C8}.Release|Any CPU.ActiveCfg = Release|Any CPU
		{422000C1-59FE-4971-956F-AF17123A34C8}.Release|Any CPU.Build.0 = Release|Any CPU
	EndGlobalSection
	GlobalSection(SolutionProperties) = preSolution
		HideSolutionNode = FALSE
	EndGlobalSection
	GlobalSection(ExtensibilityGlobals) = postSolution
		SolutionGuid = {DF07EB0F-B4AD-4DD0-ACF6-A74697F05596}
	EndGlobalSection
EndGlobal
